
Microsoft Visual Studio Solution File, Format Version 12.00
# Visual Studio Version 16
VisualStudioVersion = 16.0.31515.178
MinimumVisualStudioVersion = 10.0.40219.1
Project("{9A19103F-16F7-4668-BE54-9A1E7A4F7556}") = "DotaDiscordExtension.Core", "DotaDiscordExtension.Core\DotaDiscordExtension.Core.csproj", "{4022EBF8-B213-478D-B72E-DF9B87829491}"
EndProject
Project("{9A19103F-16F7-4668-BE54-9A1E7A4F7556}") = "DotaDiscordExtension.Tests", "DotaDiscordExtension.Tests\DotaDiscordExtension.Tests.csproj", "{EE7C1BBC-4CD2-41D2-9529-EDB9596869B6}"
EndProject
Project("{2150E333-8FDC-42A3-9474-1A3956D46DE8}") = "Solution Items", "Solution Items", "{90D420AE-62FA-41FD-AE38-E5EC1EBC21B7}"
	ProjectSection(SolutionItems) = preProject
		.editorconfig = .editorconfig
	EndProjectSection
EndProject
Project("{9A19103F-16F7-4668-BE54-9A1E7A4F7556}") = "DotaDiscordExtension.ConsoleTests", "DotaDiscordExtension.ConsoleTests\DotaDiscordExtension.ConsoleTests.csproj", "{932AE8C7-603E-4790-971E-402D4DD13E57}"
EndProject
Project("{9A19103F-16F7-4668-BE54-9A1E7A4F7556}") = "DotaDiscordExtension.Service", "DotaDiscordExtension.Service\DotaDiscordExtension.Service.csproj", "{6AC11F14-D2B9-4892-8514-06DD7F0DE7F9}"
EndProject
Project("{FAE04EC0-301F-11D3-BF4B-00C04F79EFBC}") = "DotaDiscordExtension.Installer", "DotaDiscordExtension.Installer\DotaDiscordExtension.Installer.csproj", "{79A1F72E-F231-4601-B7CF-81E3113A3F4B}"
EndProject
Global
	GlobalSection(SolutionConfigurationPlatforms) = preSolution
		Debug|Any CPU = Debug|Any CPU
		Release|Any CPU = Release|Any CPU
	EndGlobalSection
	GlobalSection(ProjectConfigurationPlatforms) = postSolution
		{4022EBF8-B213-478D-B72E-DF9B87829491}.Debug|Any CPU.ActiveCfg = Debug|Any CPU
		{4022EBF8-B213-478D-B72E-DF9B87829491}.Debug|Any CPU.Build.0 = Debug|Any CPU
		{4022EBF8-B213-478D-B72E-DF9B87829491}.Release|Any CPU.ActiveCfg = Release|Any CPU
		{4022EBF8-B213-478D-B72E-DF9B87829491}.Release|Any CPU.Build.0 = Release|Any CPU
		{EE7C1BBC-4CD2-41D2-9529-EDB9596869B6}.Debug|Any CPU.ActiveCfg = Debug|Any CPU
		{EE7C1BBC-4CD2-41D2-9529-EDB9596869B6}.Debug|Any CPU.Build.0 = Debug|Any CPU
		{EE7C1BBC-4CD2-41D2-9529-EDB9596869B6}.Release|Any CPU.ActiveCfg = Release|Any CPU
		{EE7C1BBC-4CD2-41D2-9529-EDB9596869B6}.Release|Any CPU.Build.0 = Release|Any CPU
		{932AE8C7-603E-4790-971E-402D4DD13E57}.Debug|Any CPU.ActiveCfg = Debug|Any CPU
		{932AE8C7-603E-4790-971E-402D4DD13E57}.Debug|Any CPU.Build.0 = Debug|Any CPU
		{932AE8C7-603E-4790-971E-402D4DD13E57}.Release|Any CPU.ActiveCfg = Release|Any CPU
		{932AE8C7-603E-4790-971E-402D4DD13E57}.Release|Any CPU.Build.0 = Release|Any CPU
		{6AC11F14-D2B9-4892-8514-06DD7F0DE7F9}.Debug|Any CPU.ActiveCfg = Debug|Any CPU
		{6AC11F14-D2B9-4892-8514-06DD7F0DE7F9}.Debug|Any CPU.Build.0 = Debug|Any CPU
		{6AC11F14-D2B9-4892-8514-06DD7F0DE7F9}.Release|Any CPU.ActiveCfg = Release|Any CPU
		{6AC11F14-D2B9-4892-8514-06DD7F0DE7F9}.Release|Any CPU.Build.0 = Release|Any CPU
		{79A1F72E-F231-4601-B7CF-81E3113A3F4B}.Debug|Any CPU.ActiveCfg = Debug|Any CPU
		{79A1F72E-F231-4601-B7CF-81E3113A3F4B}.Debug|Any CPU.Build.0 = Debug|Any CPU
		{79A1F72E-F231-4601-B7CF-81E3113A3F4B}.Release|Any CPU.ActiveCfg = Release|Any CPU
		{79A1F72E-F231-4601-B7CF-81E3113A3F4B}.Release|Any CPU.Build.0 = Release|Any CPU
	EndGlobalSection
	GlobalSection(SolutionProperties) = preSolution
		HideSolutionNode = FALSE
	EndGlobalSection
	GlobalSection(ExtensibilityGlobals) = postSolution
		SolutionGuid = {395CC713-2D6E-407F-A03B-104882268BAB}
	EndGlobalSection
EndGlobal
